// !$*UTF8*$!
{
	archiveVersion = 1;
	classes = {
	};
	objectVersion = 46;
	objects = {

/* Begin PBXBuildFile section */
		4D472C671D2FA73700A0C861 /* main.m in Sources */ = {isa = PBXBuildFile; fileRef = 4D472C661D2FA73700A0C861 /* main.m */; };
		4D472C6A1D2FA73700A0C861 /* AppDelegate.m in Sources */ = {isa = PBXBuildFile; fileRef = 4D472C691D2FA73700A0C861 /* AppDelegate.m */; };
		4D472C6D1D2FA73700A0C861 /* ViewController.m in Sources */ = {isa = PBXBuildFile; fileRef = 4D472C6C1D2FA73700A0C861 /* ViewController.m */; };
		4D472C701D2FA73700A0C861 /* Main.storyboard in Resources */ = {isa = PBXBuildFile; fileRef = 4D472C6E1D2FA73700A0C861 /* Main.storyboard */; };
		4D472C721D2FA73700A0C861 /* Assets.xcassets in Resources */ = {isa = PBXBuildFile; fileRef = 4D472C711D2FA73700A0C861 /* Assets.xcassets */; };
		4D472C751D2FA73700A0C861 /* LaunchScreen.storyboard in Resources */ = {isa = PBXBuildFile; fileRef = 4D472C731D2FA73700A0C861 /* LaunchScreen.storyboard */; };
		4D472C801D2FA73800A0C861 /* PAAVideoTests.m in Sources */ = {isa = PBXBuildFile; fileRef = 4D472C7F1D2FA73800A0C861 /* PAAVideoTests.m */; };
		4D472C8B1D2FA73800A0C861 /* PAAVideoUITests.m in Sources */ = {isa = PBXBuildFile; fileRef = 4D472C8A1D2FA73800A0C861 /* PAAVideoUITests.m */; };
/* End PBXBuildFile section */

/* Begin PBXContainerItemProxy section */
		4D472C7C1D2FA73800A0C861 /* PBXContainerItemProxy */ = {
			isa = PBXContainerItemProxy;
			containerPortal = 4D472C5A1D2FA73700A0C861 /* Project object */;
			proxyType = 1;
			remoteGlobalIDString = 4D472C611D2FA73700A0C861;
			remoteInfo = PAAVideo;
		};
		4D472C871D2FA73800A0C861 /* PBXContainerItemProxy */ = {
			isa = PBXContainerItemProxy;
			containerPortal = 4D472C5A1D2FA73700A0C861 /* Project object */;
			proxyType = 1;
			remoteGlobalIDString = 4D472C611D2FA73700A0C861;
			remoteInfo = PAAVideo;
		};
/* End PBXContainerItemProxy section */

/* Begin PBXFileReference section */
		4D472C621D2FA73700A0C861 /* PAAVideo.app */ = {isa = PBXFileReference; explicitFileType = wrapper.application; includeInIndex = 0; path = PAAVideo.app; sourceTree = BUILT_PRODUCTS_DIR; };
		4D472C661D2FA73700A0C861 /* main.m */ = {isa = PBXFileReference; lastKnownFileType = sourcecode.c.objc; path = main.m; sourceTree = "<group>"; };
		4D472C681D2FA73700A0C861 /* AppDelegate.h */ = {isa = PBXFileReference; lastKnownFileType = sourcecode.c.h; path = AppDelegate.h; sourceTree = "<group>"; };
		4D472C691D2FA73700A0C861 /* AppDelegate.m */ = {isa = PBXFileReference; lastKnownFileType = sourcecode.c.objc; path = AppDelegate.m; sourceTree = "<group>"; };
		4D472C6B1D2FA73700A0C861 /* ViewController.h */ = {isa = PBXFileReference; lastKnownFileType = sourcecode.c.h; path = ViewController.h; sourceTree = "<group>"; };
		4D472C6C1D2FA73700A0C861 /* ViewController.m */ = {isa = PBXFileReference; lastKnownFileType = sourcecode.c.objc; path = ViewController.m; sourceTree = "<group>"; };
		4D472C6F1D2FA73700A0C861 /* Base */ = {isa = PBXFileReference; lastKnownFileType = file.storyboard; name = Base; path = Base.lproj/Main.storyboard; sourceTree = "<group>"; };
		4D472C711D2FA73700A0C861 /* Assets.xcassets */ = {isa = PBXFileReference; lastKnownFileType = folder.assetcatalog; path = Assets.xcassets; sourceTree = "<group>"; };
		4D472C741D2FA73700A0C861 /* Base */ = {isa = PBXFileReference; lastKnownFileType = file.storyboard; name = Base; path = Base.lproj/LaunchScreen.storyboard; sourceTree = "<group>"; };
		4D472C761D2FA73700A0C861 /* Info.plist */ = {isa = PBXFileReference; lastKnownFileType = text.plist.xml; path = Info.plist; sourceTree = "<group>"; };
		4D472C7B1D2FA73800A0C861 /* PAAVideoTests.xctest */ = {isa = PBXFileReference; explicitFileType = wrapper.cfbundle; includeInIndex = 0; path = PAAVideoTests.xctest; sourceTree = BUILT_PRODUCTS_DIR; };
		4D472C7F1D2FA73800A0C861 /* PAAVideoTests.m */ = {isa = PBXFileReference; lastKnownFileType = sourcecode.c.objc; path = PAAVideoTests.m; sourceTree = "<group>"; };
		4D472C811D2FA73800A0C861 /* Info.plist */ = {isa = PBXFileReference; lastKnownFileType = text.plist.xml; path = Info.plist; sourceTree = "<group>"; };
		4D472C861D2FA73800A0C861 /* PAAVideoUITests.xctest */ = {isa = PBXFileReference; explicitFileType = wrapper.cfbundle; includeInIndex = 0; path = PAAVideoUITests.xctest; sourceTree = BUILT_PRODUCTS_DIR; };
		4D472C8A1D2FA73800A0C861 /* PAAVideoUITests.m */ = {isa = PBXFileReference; lastKnownFileType = sourcecode.c.objc; path = PAAVideoUITests.m; sourceTree = "<group>"; };
		4D472C8C1D2FA73800A0C861 /* Info.plist */ = {isa = PBXFileReference; lastKnownFileType = text.plist.xml; path = Info.plist; sourceTree = "<group>"; };
/* End PBXFileReference section */

/* Begin PBXFrameworksBuildPhase section */
		4D472C5F1D2FA73700A0C861 /* Frameworks */ = {
			isa = PBXFrameworksBuildPhase;
			buildActionMask = 2147483647;
			files = (
			);
			runOnlyForDeploymentPostprocessing = 0;
		};
		4D472C781D2FA73800A0C861 /* Frameworks */ = {
			isa = PBXFrameworksBuildPhase;
			buildActionMask = 2147483647;
			files = (
			);
			runOnlyForDeploymentPostprocessing = 0;
		};
		4D472C831D2FA73800A0C861 /* Frameworks */ = {
			isa = PBXFrameworksBuildPhase;
			buildActionMask = 2147483647;
			files = (
			);
			runOnlyForDeploymentPostprocessing = 0;
		};
/* End PBXFrameworksBuildPhase section */

/* Begin PBXGroup section */
		4D472C591D2FA73700A0C861 = {
			isa = PBXGroup;
			children = (
				4D472C641D2FA73700A0C861 /* PAAVideo */,
				4D472C7E1D2FA73800A0C861 /* PAAVideoTests */,
				4D472C891D2FA73800A0C861 /* PAAVideoUITests */,
				4D472C631D2FA73700A0C861 /* Products */,
			);
			sourceTree = "<group>";
		};
		4D472C631D2FA73700A0C861 /* Products */ = {
			isa = PBXGroup;
			children = (
				4D472C621D2FA73700A0C861 /* PAAVideo.app */,
				4D472C7B1D2FA73800A0C861 /* PAAVideoTests.xctest */,
				4D472C861D2FA73800A0C861 /* PAAVideoUITests.xctest */,
			);
			name = Products;
			sourceTree = "<group>";
		};
		4D472C641D2FA73700A0C861 /* PAAVideo */ = {
			isa = PBXGroup;
			children = (
				4D472C681D2FA73700A0C861 /* AppDelegate.h */,
				4D472C691D2FA73700A0C861 /* AppDelegate.m */,
				4D472C6B1D2FA73700A0C861 /* ViewController.h */,
				4D472C6C1D2FA73700A0C861 /* ViewController.m */,
				4D472C6E1D2FA73700A0C861 /* Main.storyboard */,
				4D472C711D2FA73700A0C861 /* Assets.xcassets */,
				4D472C731D2FA73700A0C861 /* LaunchScreen.storyboard */,
				4D472C761D2FA73700A0C861 /* Info.plist */,
				4D472C651D2FA73700A0C861 /* Supporting Files */,
			);
			path = PAAVideo;
			sourceTree = "<group>";
		};
		4D472C651D2FA73700A0C861 /* Supporting Files */ = {
			isa = PBXGroup;
			children = (
				4D472C661D2FA73700A0C861 /* main.m */,
			);
			name = "Supporting Files";
			sourceTree = "<group>";
		};
		4D472C7E1D2FA73800A0C861 /* PAAVideoTests */ = {
			isa = PBXGroup;
			children = (
				4D472C7F1D2FA73800A0C861 /* PAAVideoTests.m */,
				4D472C811D2FA73800A0C861 /* Info.plist */,
			);
			path = PAAVideoTests;
			sourceTree = "<group>";
		};
		4D472C891D2FA73800A0C861 /* PAAVideoUITests */ = {
			isa = PBXGroup;
			children = (
				4D472C8A1D2FA73800A0C861 /* PAAVideoUITests.m */,
				4D472C8C1D2FA73800A0C861 /* Info.plist */,
			);
			path = PAAVideoUITests;
			sourceTree = "<group>";
		};
/* End PBXGroup section */

/* Begin PBXNativeTarget section */
		4D472C611D2FA73700A0C861 /* PAAVideo */ = {
			isa = PBXNativeTarget;
			buildConfigurationList = 4D472C8F1D2FA73800A0C861 /* Build configuration list for PBXNativeTarget "PAAVideo" */;
			buildPhases = (
				4D472C5E1D2FA73700A0C861 /* Sources */,
				4D472C5F1D2FA73700A0C861 /* Frameworks */,
				4D472C601D2FA73700A0C861 /* Resources */,
			);
			buildRules = (
			);
			dependencies = (
			);
			name = PAAVideo;
			productName = PAAVideo;
			productReference = 4D472C621D2FA73700A0C861 /* PAAVideo.app */;
			productType = "com.apple.product-type.application";
		};
		4D472C7A1D2FA73800A0C861 /* PAAVideoTests */ = {
			isa = PBXNativeTarget;
			buildConfigurationList = 4D472C921D2FA73800A0C861 /* Build configuration list for PBXNativeTarget "PAAVideoTests" */;
			buildPhases = (
				4D472C771D2FA73800A0C861 /* Sources */,
				4D472C781D2FA73800A0C861 /* Frameworks */,
				4D472C791D2FA73800A0C861 /* Resources */,
			);
			buildRules = (
			);
			dependencies = (
				4D472C7D1D2FA73800A0C861 /* PBXTargetDependency */,
			);
			name = PAAVideoTests;
			productName = PAAVideoTests;
			productReference = 4D472C7B1D2FA73800A0C861 /* PAAVideoTests.xctest */;
			productType = "com.apple.product-type.bundle.unit-test";
		};
		4D472C851D2FA73800A0C861 /* PAAVideoUITests */ = {
			isa = PBXNativeTarget;
			buildConfigurationList = 4D472C951D2FA73800A0C861 /* Build configuration list for PBXNativeTarget "PAAVideoUITests" */;
			buildPhases = (
				4D472C821D2FA73800A0C861 /* Sources */,
				4D472C831D2FA73800A0C861 /* Frameworks */,
				4D472C841D2FA73800A0C861 /* Resources */,
			);
			buildRules = (
			);
			dependencies = (
				4D472C881D2FA73800A0C861 /* PBXTargetDependency */,
			);
			name = PAAVideoUITests;
			productName = PAAVideoUITests;
			productReference = 4D472C861D2FA73800A0C861 /* PAAVideoUITests.xctest */;
			productType = "com.apple.product-type.bundle.ui-testing";
		};
/* End PBXNativeTarget section */

/* Begin PBXProject section */
		4D472C5A1D2FA73700A0C861 /* Project object */ = {
			isa = PBXProject;
			attributes = {
				LastUpgradeCheck = 0730;
				ORGANIZATIONNAME = "陈志武";
				TargetAttributes = {
					4D472C611D2FA73700A0C861 = {
						CreatedOnToolsVersion = 7.3.1;
					};
					4D472C7A1D2FA73800A0C861 = {
						CreatedOnToolsVersion = 7.3.1;
						TestTargetID = 4D472C611D2FA73700A0C861;
					};
					4D472C851D2FA73800A0C861 = {
						CreatedOnToolsVersion = 7.3.1;
						TestTargetID = 4D472C611D2FA73700A0C861;
					};
				};
			};
			buildConfigurationList = 4D472C5D1D2FA73700A0C861 /* Build configuration list for PBXProject "PAAVideo" */;
			compatibilityVersion = "Xcode 3.2";
			developmentRegion = English;
			hasScannedForEncodings = 0;
			knownRegions = (
				en,
				Base,
			);
			mainGroup = 4D472C591D2FA73700A0C861;
			productRefGroup = 4D472C631D2FA73700A0C861 /* Products */;
			projectDirPath = "";
			projectRoot = "";
			targets = (
				4D472C611D2FA73700A0C861 /* PAAVideo */,
				4D472C7A1D2FA73800A0C861 /* PAAVideoTests */,
				4D472C851D2FA73800A0C861 /* PAAVideoUITests */,
			);
		};
/* End PBXProject section */

/* Begin PBXResourcesBuildPhase section */
		4D472C601D2FA73700A0C861 /* Resources */ = {
			isa = PBXResourcesBuildPhase;
			buildActionMask = 2147483647;
			files = (
				4D472C751D2FA73700A0C861 /* LaunchScreen.storyboard in Resources */,
				4D472C721D2FA73700A0C861 /* Assets.xcassets in Resources */,
				4D472C701D2FA73700A0C861 /* Main.storyboard in Resources */,
			);
			runOnlyForDeploymentPostprocessing = 0;
		};
		4D472C791D2FA73800A0C861 /* Resources */ = {
			isa = PBXResourcesBuildPhase;
			buildActionMask = 2147483647;
			files = (
			);
			runOnlyForDeploymentPostprocessing = 0;
		};
		4D472C841D2FA73800A0C861 /* Resources */ = {
			isa = PBXResourcesBuildPhase;
			buildActionMask = 2147483647;
			files = (
			);
			runOnlyForDeploymentPostprocessing = 0;
		};
/* End PBXResourcesBuildPhase section */

/* Begin PBXSourcesBuildPhase section */
		4D472C5E1D2FA73700A0C861 /* Sources */ = {
			isa = PBXSourcesBuildPhase;
			buildActionMask = 2147483647;
			files = (
				4D472C6D1D2FA73700A0C861 /* ViewController.m in Sources */,
				4D472C6A1D2FA73700A0C861 /* AppDelegate.m in Sources */,
				4D472C671D2FA73700A0C861 /* main.m in Sources */,
			);
			runOnlyForDeploymentPostprocessing = 0;
		};
		4D472C771D2FA73800A0C861 /* Sources */ = {
			isa = PBXSourcesBuildPhase;
			buildActionMask = 2147483647;
			files = (
				4D472C801D2FA73800A0C861 /* PAAVideoTests.m in Sources */,
			);
			runOnlyForDeploymentPostprocessing = 0;
		};
		4D472C821D2FA73800A0C861 /* Sources */ = {
			isa = PBXSourcesBuildPhase;
			buildActionMask = 2147483647;
			files = (
				4D472C8B1D2FA73800A0C861 /* PAAVideoUITests.m in Sources */,
			);
			runOnlyForDeploymentPostprocessing = 0;
		};
/* End PBXSourcesBuildPhase section */

/* Begin PBXTargetDependency section */
		4D472C7D1D2FA73800A0C861 /* PBXTargetDependency */ = {
			isa = PBXTargetDependency;
			target = 4D472C611D2FA73700A0C861 /* PAAVideo */;
			targetProxy = 4D472C7C1D2FA73800A0C861 /* PBXContainerItemProxy */;
		};
		4D472C881D2FA73800A0C861 /* PBXTargetDependency */ = {
			isa = PBXTargetDependency;
			target = 4D472C611D2FA73700A0C861 /* PAAVideo */;
			targetProxy = 4D472C871D2FA73800A0C861 /* PBXContainerItemProxy */;
		};
/* End PBXTargetDependency section */

/* Begin PBXVariantGroup section */
		4D472C6E1D2FA73700A0C861 /* Main.storyboard */ = {
			isa = PBXVariantGroup;
			children = (
				4D472C6F1D2FA73700A0C861 /* Base */,
			);
			name = Main.storyboard;
			sourceTree = "<group>";
		};
		4D472C731D2FA73700A0C861 /* LaunchScreen.storyboard */ = {
			isa = PBXVariantGroup;
			children = (
				4D472C741D2FA73700A0C861 /* Base */,
			);
			name = LaunchScreen.storyboard;
			sourceTree = "<group>";
		};
/* End PBXVariantGroup section */

/* Begin XCBuildConfiguration section */
		4D472C8D1D2FA73800A0C861 /* Debug */ = {
			isa = XCBuildConfiguration;
			buildSettings = {
				ALWAYS_SEARCH_USER_PATHS = NO;
				CLANG_ANALYZER_NONNULL = YES;
				CLANG_CXX_LANGUAGE_STANDARD = "gnu++0x";
				CLANG_CXX_LIBRARY = "libc++";
				CLANG_ENABLE_MODULES = YES;
				CLANG_ENABLE_OBJC_ARC = YES;
				CLANG_WARN_BOOL_CONVERSION = YES;
				CLANG_WARN_CONSTANT_CONVERSION = YES;
				CLANG_WARN_DIRECT_OBJC_ISA_USAGE = YES_ERROR;
				CLANG_WARN_EMPTY_BODY = YES;
				CLANG_WARN_ENUM_CONVERSION = YES;
				CLANG_WARN_INT_CONVERSION = YES;
				CLANG_WARN_OBJC_ROOT_CLASS = YES_ERROR;
				CLANG_WARN_UNREACHABLE_CODE = YES;
				CLANG_WARN__DUPLICATE_METHOD_MATCH = YES;
				"CODE_SIGN_IDENTITY[sdk=iphoneos*]" = "iPhone Developer";
				COPY_PHASE_STRIP = NO;
				DEBUG_INFORMATION_FORMAT = dwarf;
				ENABLE_STRICT_OBJC_MSGSEND = YES;
				ENABLE_TESTABILITY = YES;
				GCC_C_LANGUAGE_STANDARD = gnu99;
				GCC_DYNAMIC_NO_PIC = NO;
				GCC_NO_COMMON_BLOCKS = YES;
				GCC_OPTIMIZATION_LEVEL = 0;
				GCC_PREPROCESSOR_DEFINITIONS = (
					"DEBUG=1",
					"$(inherited)",
				);
				GCC_WARN_64_TO_32_BIT_CONVERSION = YES;
				GCC_WARN_ABOUT_RETURN_TYPE = YES_ERROR;
				GCC_WARN_UNDECLARED_SELECTOR = YES;
				GCC_WARN_UNINITIALIZED_AUTOS = YES_AGGRESSIVE;
				GCC_WARN_UNUSED_FUNCTION = YES;
				GCC_WARN_UNUSED_VARIABLE = YES;
				IPHONEOS_DEPLOYMENT_TARGET = 9.3;
				MTL_ENABLE_DEBUG_INFO = YES;
				ONLY_ACTIVE_ARCH = YES;
				SDKROOT = iphoneos;
				TARGETED_DEVICE_FAMILY = "1,2";
			};
			name = Debug;
		};
		4D472C8E1D2FA73800A0C861 /* Release */ = {
			isa = XCBuildConfiguration;
			buildSettings = {
				ALWAYS_SEARCH_USER_PATHS = NO;
				CLANG_ANALYZER_NONNULL = YES;
				CLANG_CXX_LANGUAGE_STANDARD = "gnu++0x";
				CLANG_CXX_LIBRARY = "libc++";
				CLANG_ENABLE_MODULES = YES;
				CLANG_ENABLE_OBJC_ARC = YES;
				CLANG_WARN_BOOL_CONVERSION = YES;
				CLANG_WARN_CONSTANT_CONVERSION = YES;
				CLANG_WARN_DIRECT_OBJC_ISA_USAGE = YES_ERROR;
				CLANG_WARN_EMPTY_BODY = YES;
				CLANG_WARN_ENUM_CONVERSION = YES;
				CLANG_WARN_INT_CONVERSION = YES;
				CLANG_WARN_OBJC_ROOT_CLASS = YES_ERROR;
				CLANG_WARN_UNREACHABLE_CODE = YES;
				CLANG_WARN__DUPLICATE_METHOD_MATCH = YES;
				"CODE_SIGN_IDENTITY[sdk=iphoneos*]" = "iPhone Developer";
				COPY_PHASE_STRIP = NO;
				DEBUG_INFORMATION_FORMAT = "dwarf-with-dsym";
				ENABLE_NS_ASSERTIONS = NO;
				ENABLE_STRICT_OBJC_MSGSEND = YES;
				GCC_C_LANGUAGE_STANDARD = gnu99;
				GCC_NO_COMMON_BLOCKS = YES;
				GCC_WARN_64_TO_32_BIT_CONVERSION = YES;
				GCC_WARN_ABOUT_RETURN_TYPE = YES_ERROR;
				GCC_WARN_UNDECLARED_SELECTOR = YES;
				GCC_WARN_UNINITIALIZED_AUTOS = YES_AGGRESSIVE;
				GCC_WARN_UNUSED_FUNCTION = YES;
				GCC_WARN_UNUSED_VARIABLE = YES;
				IPHONEOS_DEPLOYMENT_TARGET = 9.3;
				MTL_ENABLE_DEBUG_INFO = NO;
				SDKROOT = iphoneos;
				TARGETED_DEVICE_FAMILY = "1,2";
				VALIDATE_PRODUCT = YES;
			};
			name = Release;
		};
		4D472C901D2FA73800A0C861 /* Debug */ = {
			isa = XCBuildConfiguration;
			buildSettings = {
				ASSETCATALOG_COMPILER_APPICON_NAME = AppIcon;
				INFOPLIST_FILE = PAAVideo/Info.plist;
				LD_RUNPATH_SEARCH_PATHS = "$(inherited) @executable_path/Frameworks";
				PRODUCT_BUNDLE_IDENTIFIER = com.PACZW.PAAVideo;
				PRODUCT_NAME = "$(TARGET_NAME)";
			};
			name = Debug;
		};
		4D472C911D2FA73800A0C861 /* Release */ = {
			isa = XCBuildConfiguration;
			buildSettings = {
				ASSETCATALOG_COMPILER_APPICON_NAME = AppIcon;
				INFOPLIST_FILE = PAAVideo/Info.plist;
				LD_RUNPATH_SEARCH_PATHS = "$(inherited) @executable_path/Frameworks";
				PRODUCT_BUNDLE_IDENTIFIER = com.PACZW.PAAVideo;
				PRODUCT_NAME = "$(TARGET_NAME)";
			};
			name = Release;
		};
		4D472C931D2FA73800A0C861 /* Debug */ = {
			isa = XCBuildConfiguration;
			buildSettings = {
				BUNDLE_LOADER = "$(TEST_HOST)";
				INFOPLIST_FILE = PAAVideoTests/Info.plist;
				LD_RUNPATH_SEARCH_PATHS = "$(inherited) @executable_path/Frameworks @loader_path/Frameworks";
				PRODUCT_BUNDLE_IDENTIFIER = com.PACZW.PAAVideoTests;
				PRODUCT_NAME = "$(TARGET_NAME)";
				TEST_HOST = "$(BUILT_PRODUCTS_DIR)/PAAVideo.app/PAAVideo";
			};
			name = Debug;
		};
		4D472C941D2FA73800A0C861 /* Release */ = {
			isa = XCBuildConfiguration;
			buildSettings = {
				BUNDLE_LOADER = "$(TEST_HOST)";
				INFOPLIST_FILE = PAAVideoTests/Info.plist;
				LD_RUNPATH_SEARCH_PATHS = "$(inherited) @executable_path/Frameworks @loader_path/Frameworks";
				PRODUCT_BUNDLE_IDENTIFIER = com.PACZW.PAAVideoTests;
				PRODUCT_NAME = "$(TARGET_NAME)";
				TEST_HOST = "$(BUILT_PRODUCTS_DIR)/PAAVideo.app/PAAVideo";
			};
			name = Release;
		};
		4D472C961D2FA73800A0C861 /* Debug */ = {
			isa = XCBuildConfiguration;
			buildSettings = {
				INFOPLIST_FILE = PAAVideoUITests/Info.plist;
				LD_RUNPATH_SEARCH_PATHS = "$(inherited) @executable_path/Frameworks @loader_path/Frameworks";
				PRODUCT_BUNDLE_IDENTIFIER = com.PACZW.PAAVideoUITests;
				PRODUCT_NAME = "$(TARGET_NAME)";
				TEST_TARGET_NAME = PAAVideo;
			};
			name = Debug;
		};
		4D472C971D2FA73800A0C861 /* Release */ = {
			isa = XCBuildConfiguration;
			buildSettings = {
				INFOPLIST_FILE = PAAVideoUITests/Info.plist;
				LD_RUNPATH_SEARCH_PATHS = "$(inherited) @executable_path/Frameworks @loader_path/Frameworks";
				PRODUCT_BUNDLE_IDENTIFIER = com.PACZW.PAAVideoUITests;
				PRODUCT_NAME = "$(TARGET_NAME)";
				TEST_TARGET_NAME = PAAVideo;
			};
			name = Release;
		};
/* End XCBuildConfiguration section */

/* Begin XCConfigurationList section */
		4D472C5D1D2FA73700A0C861 /* Build configuration list for PBXProject "PAAVideo" */ = {
			isa = XCConfigurationList;
			buildConfigurations = (
				4D472C8D1D2FA73800A0C861 /* Debug */,
				4D472C8E1D2FA73800A0C861 /* Release */,
			);
			defaultConfigurationIsVisible = 0;
			defaultConfigurationName = Release;
		};
		4D472C8F1D2FA73800A0C861 /* Build configuration list for PBXNativeTarget "PAAVideo" */ = {
			isa = XCConfigurationList;
			buildConfigurations = (
				4D472C901D2FA73800A0C861 /* Debug */,
				4D472C911D2FA73800A0C861 /* Release */,
			);
			defaultConfigurationIsVisible = 0;
		};
		4D472C921D2FA73800A0C861 /* Build configuration list for PBXNativeTarget "PAAVideoTests" */ = {
			isa = XCConfigurationList;
			buildConfigurations = (
				4D472C931D2FA73800A0C861 /* Debug */,
				4D472C941D2FA73800A0C861 /* Release */,
			);
			defaultConfigurationIsVisible = 0;
		};
		4D472C951D2FA73800A0C861 /* Build configuration list for PBXNativeTarget "PAAVideoUITests" */ = {
			isa = XCConfigurationList;
			buildConfigurations = (
				4D472C961D2FA73800A0C861 /* Debug */,
				4D472C971D2FA73800A0C861 /* Release */,
			);
			defaultConfigurationIsVisible = 0;
		};
/* End XCConfigurationList section */
	};
	rootObject = 4D472C5A1D2FA73700A0C861 /* Project object */;
}
